
Microsoft Visual Studio Solution File, Format Version 12.00
# Visual Studio Version 17
VisualStudioVersion = 17.1.32328.378
MinimumVisualStudioVersion = 10.0.40219.1
Project("{FAE04EC0-301F-11D3-BF4B-00C04F79EFBC}") = "MyPortfolio", "MyPortfolio\MyPortfolio.csproj", "{813E77B6-5805-487C-BD88-A033A3C4565C}"
EndProject
Global
	GlobalSection(SolutionConfigurationPlatforms) = preSolution
		Debug|Any CPU = Debug|Any CPU
		Release|Any CPU = Release|Any CPU
	EndGlobalSection
	GlobalSection(ProjectConfigurationPlatforms) = postSolution
		{813E77B6-5805-487C-BD88-A033A3C4565C}.Debug|Any CPU.ActiveCfg = Debug|Any CPU
		{813E77B6-5805-487C-BD88-A033A3C4565C}.Debug|Any CPU.Build.0 = Debug|Any CPU
		{813E77B6-5805-487C-BD88-A033A3C4565C}.Release|Any CPU.ActiveCfg = Release|Any CPU
		{813E77B6-5805-487C-BD88-A033A3C4565C}.Release|Any CPU.Build.0 = Release|Any CPU
	EndGlobalSection
	GlobalSection(SolutionProperties) = preSolution
		HideSolutionNode = FALSE
	EndGlobalSection
	GlobalSection(ExtensibilityGlobals) = postSolution
		SolutionGuid = {230CB0F5-D4AC-4409-A966-50771359A93C}
	EndGlobalSection
EndGlobal
